{
  "lockfileVersion": 1,
  "workspaces": {
    "": {
      "name": "email-srv",
      "dependencies": {
        "@types/ejs": "^3.1.5",
        "@upstash/redis": "^1.34.8",
        "body-parser": "^2.2.0",
        "bullmq": "^5.49.0",
        "ejs": "^3.1.10",
        "express": "^5.1.0",
        "ioredis": "^5.6.1",
        "resend": "^4.3.0",
      },
      "devDependencies": {
        "@types/bun": "latest",
        "@types/express": "^5.0.1",
      },
      "peerDependencies": {
        "typescript": "^5",
      },
    },
  },
  "packages": {
    "@ioredis/commands": ["@ioredis/commands@1.2.0", "", {}, "sha512-Sx1pU8EM64o2BrqNpEO1CNLtKQwyhuXuqyfH7oGKCk+1a33d2r5saW8zNwm3j6BTExtjrv2BxTgzzkMwts6vGg=="],

    "@msgpackr-extract/msgpackr-extract-darwin-arm64": ["@msgpackr-extract/msgpackr-extract-darwin-arm64@3.0.3", "", { "os": "darwin", "cpu": "arm64" }, "sha512-QZHtlVgbAdy2zAqNA9Gu1UpIuI8Xvsd1v8ic6B2pZmeFnFcMWiPLfWXh7TVw4eGEZ/C9TH281KwhVoeQUKbyjw=="],

    "@msgpackr-extract/msgpackr-extract-darwin-x64": ["@msgpackr-extract/msgpackr-extract-darwin-x64@3.0.3", "", { "os": "darwin", "cpu": "x64" }, "sha512-mdzd3AVzYKuUmiWOQ8GNhl64/IoFGol569zNRdkLReh6LRLHOXxU4U8eq0JwaD8iFHdVGqSy4IjFL4reoWCDFw=="],

    "@msgpackr-extract/msgpackr-extract-linux-arm": ["@msgpackr-extract/msgpackr-extract-linux-arm@3.0.3", "", { "os": "linux", "cpu": "arm" }, "sha512-fg0uy/dG/nZEXfYilKoRe7yALaNmHoYeIoJuJ7KJ+YyU2bvY8vPv27f7UKhGRpY6euFYqEVhxCFZgAUNQBM3nw=="],

    "@msgpackr-extract/msgpackr-extract-linux-arm64": ["@msgpackr-extract/msgpackr-extract-linux-arm64@3.0.3", "", { "os": "linux", "cpu": "arm64" }, "sha512-YxQL+ax0XqBJDZiKimS2XQaf+2wDGVa1enVRGzEvLLVFeqa5kx2bWbtcSXgsxjQB7nRqqIGFIcLteF/sHeVtQg=="],

    "@msgpackr-extract/msgpackr-extract-linux-x64": ["@msgpackr-extract/msgpackr-extract-linux-x64@3.0.3", "", { "os": "linux", "cpu": "x64" }, "sha512-cvwNfbP07pKUfq1uH+S6KJ7dT9K8WOE4ZiAcsrSes+UY55E/0jLYc+vq+DO7jlmqRb5zAggExKm0H7O/CBaesg=="],

    "@msgpackr-extract/msgpackr-extract-win32-x64": ["@msgpackr-extract/msgpackr-extract-win32-x64@3.0.3", "", { "os": "win32", "cpu": "x64" }, "sha512-x0fWaQtYp4E6sktbsdAqnehxDgEc/VwM7uLsRCYWaiGu0ykYdZPiS8zCWdnjHwyiumousxfBm4SO31eXqwEZhQ=="],

    "@react-email/render": ["@react-email/render@1.0.6", "", { "dependencies": { "html-to-text": "9.0.5", "prettier": "3.5.3", "react-promise-suspense": "0.3.4" }, "peerDependencies": { "react": "^18.0 || ^19.0 || ^19.0.0-rc", "react-dom": "^18.0 || ^19.0 || ^19.0.0-rc" } }, "sha512-zNueW5Wn/4jNC1c5LFgXzbUdv5Lhms+FWjOvWAhal7gx5YVf0q6dPJ0dnR70+ifo59gcMLwCZEaTS9EEuUhKvQ=="],

    "@selderee/plugin-htmlparser2": ["@selderee/plugin-htmlparser2@0.11.0", "", { "dependencies": { "domhandler": "^5.0.3", "selderee": "^0.11.0" } }, "sha512-P33hHGdldxGabLFjPPpaTxVolMrzrcegejx+0GxjrIb9Zv48D8yAIA/QTDR2dFl7Uz7urX8aX6+5bCZslr+gWQ=="],

    "@types/body-parser": ["@types/body-parser@1.19.5", "", { "dependencies": { "@types/connect": "*", "@types/node": "*" } }, "sha512-fB3Zu92ucau0iQ0JMCFQE7b/dv8Ot07NI3KaZIkIUNXq82k4eBAqUaneXfleGY9JWskeS9y+u0nXMyspcuQrCg=="],

    "@types/bun": ["@types/bun@1.2.9", "", { "dependencies": { "bun-types": "1.2.9" } }, "sha512-epShhLGQYc4Bv/aceHbmBhOz1XgUnuTZgcxjxk+WXwNyDXavv5QHD1QEFV0FwbTSQtNq6g4ZcV6y0vZakTjswg=="],

    "@types/connect": ["@types/connect@3.4.38", "", { "dependencies": { "@types/node": "*" } }, "sha512-K6uROf1LD88uDQqJCktA4yzL1YYAK6NgfsI0v/mTgyPKWsX1CnJ0XPSDhViejru1GcRkLWb8RlzFYJRqGUbaug=="],

    "@types/ejs": ["@types/ejs@3.1.5", "", {}, "sha512-nv+GSx77ZtXiJzwKdsASqi+YQ5Z7vwHsTP0JY2SiQgjGckkBRKZnk8nIM+7oUZ1VCtuTz0+By4qVR7fqzp/Dfg=="],

    "@types/express": ["@types/express@5.0.1", "", { "dependencies": { "@types/body-parser": "*", "@types/express-serve-static-core": "^5.0.0", "@types/serve-static": "*" } }, "sha512-UZUw8vjpWFXuDnjFTh7/5c2TWDlQqeXHi6hcN7F2XSVT5P+WmUnnbFS3KA6Jnc6IsEqI2qCVu2bK0R0J4A8ZQQ=="],

    "@types/express-serve-static-core": ["@types/express-serve-static-core@5.0.6", "", { "dependencies": { "@types/node": "*", "@types/qs": "*", "@types/range-parser": "*", "@types/send": "*" } }, "sha512-3xhRnjJPkULekpSzgtoNYYcTWgEZkp4myc+Saevii5JPnHNvHMRlBSHDbs7Bh1iPPoVTERHEZXyhyLbMEsExsA=="],

    "@types/http-errors": ["@types/http-errors@2.0.4", "", {}, "sha512-D0CFMMtydbJAegzOyHjtiKPLlvnm3iTZyZRSZoLq2mRhDdmLfIWOCYPfQJ4cu2erKghU++QvjcUjp/5h7hESpA=="],

    "@types/mime": ["@types/mime@1.3.5", "", {}, "sha512-/pyBZWSLD2n0dcHE3hq8s8ZvcETHtEuF+3E7XVt0Ig2nvsVQXdghHVcEkIWjy9A0wKfTn97a/PSDYohKIlnP/w=="],

    "@types/node": ["@types/node@22.14.1", "", { "dependencies": { "undici-types": "~6.21.0" } }, "sha512-u0HuPQwe/dHrItgHHpmw3N2fYCR6x4ivMNbPHRkBVP4CvN+kiRrKHWk3i8tXiO/joPwXLMYvF9TTF0eqgHIuOw=="],

    "@types/qs": ["@types/qs@6.9.18", "", {}, "sha512-kK7dgTYDyGqS+e2Q4aK9X3D7q234CIZ1Bv0q/7Z5IwRDoADNU81xXJK/YVyLbLTZCoIwUoDoffFeF+p/eIklAA=="],

    "@types/range-parser": ["@types/range-parser@1.2.7", "", {}, "sha512-hKormJbkJqzQGhziax5PItDUTMAM9uE2XXQmM37dyd4hVM+5aVl7oVxMVUiVQn2oCQFN/LKCZdvSM0pFRqbSmQ=="],

    "@types/send": ["@types/send@0.17.4", "", { "dependencies": { "@types/mime": "^1", "@types/node": "*" } }, "sha512-x2EM6TJOybec7c52BX0ZspPodMsQUd5L6PRwOunVyVUhXiBSKf3AezDL8Dgvgt5o0UfKNfuA0eMLr2wLT4AiBA=="],

    "@types/serve-static": ["@types/serve-static@1.15.7", "", { "dependencies": { "@types/http-errors": "*", "@types/node": "*", "@types/send": "*" } }, "sha512-W8Ym+h8nhuRwaKPaDw34QUkwsGi6Rc4yYqvKFo5rm2FUEhCFbzVWrxXUxuKK8TASjWsysJY0nsmNCGhCOIsrOw=="],

    "@types/ws": ["@types/ws@8.18.1", "", { "dependencies": { "@types/node": "*" } }, "sha512-ThVF6DCVhA8kUGy+aazFQ4kXQ7E1Ty7A3ypFOe0IcJV8O/M511G99AW24irKrW56Wt44yG9+ij8FaqoBGkuBXg=="],

    "@upstash/redis": ["@upstash/redis@1.34.8", "", { "dependencies": { "crypto-js": "^4.2.0" } }, "sha512-eGJgOKc+2Uq4AdSM0lNx+WvFFhQeyhJ32SGNuSniLPg4lNb6m5h2AQ77qL+TgWiMZO8HCQ82Zsc/RlVBevCWTg=="],

    "accepts": ["accepts@2.0.0", "", { "dependencies": { "mime-types": "^3.0.0", "negotiator": "^1.0.0" } }, "sha512-5cvg6CtKwfgdmVqY1WIiXKc3Q1bkRqGLi+2W/6ao+6Y7gu/RCwRuAhGEzh5B4KlszSuTLgZYuqFqo5bImjNKng=="],

    "ansi-styles": ["ansi-styles@4.3.0", "", { "dependencies": { "color-convert": "^2.0.1" } }, "sha512-zbB9rCJAT1rbjiVDb2hqKFHNYLxgtk8NURxZ3IZwD3F6NtxbXZQCnnSi1Lkx+IDohdPlFp222wVALIheZJQSEg=="],

    "async": ["async@3.2.6", "", {}, "sha512-htCUDlxyyCLMgaM3xXg0C0LW2xqfuQ6p05pCEIsXuyQ+a1koYKTuBMzRNwmybfLgvJDMd0r1LTn4+E0Ti6C2AA=="],

    "balanced-match": ["balanced-match@1.0.2", "", {}, "sha512-3oSeUO0TMV67hN1AmbXsK4yaqU7tjiHlbxRDZOpH0KW9+CeX4bRAaX0Anxt0tx2MrpRpWwQaPwIlISEJhYU5Pw=="],

    "body-parser": ["body-parser@2.2.0", "", { "dependencies": { "bytes": "^3.1.2", "content-type": "^1.0.5", "debug": "^4.4.0", "http-errors": "^2.0.0", "iconv-lite": "^0.6.3", "on-finished": "^2.4.1", "qs": "^6.14.0", "raw-body": "^3.0.0", "type-is": "^2.0.0" } }, "sha512-02qvAaxv8tp7fBa/mw1ga98OGm+eCbqzJOKoRt70sLmfEEi+jyBYVTDGfCL/k06/4EMk/z01gCe7HoCH/f2LTg=="],

    "brace-expansion": ["brace-expansion@1.1.11", "", { "dependencies": { "balanced-match": "^1.0.0", "concat-map": "0.0.1" } }, "sha512-iCuPHDFgrHX7H2vEI/5xpz07zSHB00TpugqhmYtVmMO6518mCuRMoOYFldEBl0g187ufozdaHgWKcYFb61qGiA=="],

    "bullmq": ["bullmq@5.49.0", "", { "dependencies": { "cron-parser": "^4.9.0", "ioredis": "^5.4.1", "msgpackr": "^1.11.2", "node-abort-controller": "^3.1.1", "semver": "^7.5.4", "tslib": "^2.0.0", "uuid": "^9.0.0" } }, "sha512-qwNOgUfD3kHI33bU2HOsn6YKEoSdUfHTledQUy95V8HogVdgGg/HS3+TQh7Y7YH19h5yK2Oo/FFEnzyXJhgy3w=="],

    "bun-types": ["bun-types@1.2.9", "", { "dependencies": { "@types/node": "*", "@types/ws": "*" } }, "sha512-dk/kOEfQbajENN/D6FyiSgOKEuUi9PWfqKQJEgwKrCMWbjS/S6tEXp178mWvWAcUSYm9ArDlWHZKO3T/4cLXiw=="],

    "bytes": ["bytes@3.1.2", "", {}, "sha512-/Nf7TyzTx6S3yRJObOAV7956r8cr2+Oj8AC5dt8wSP3BQAoeX58NoHyCU8P8zGkNXStjTSi6fzO6F0pBdcYbEg=="],

    "call-bind-apply-helpers": ["call-bind-apply-helpers@1.0.2", "", { "dependencies": { "es-errors": "^1.3.0", "function-bind": "^1.1.2" } }, "sha512-Sp1ablJ0ivDkSzjcaJdxEunN5/XvksFJ2sMBFfq6x0ryhQV/2b/KwFe21cMpmHtPOSij8K99/wSfoEuTObmuMQ=="],

    "call-bound": ["call-bound@1.0.4", "", { "dependencies": { "call-bind-apply-helpers": "^1.0.2", "get-intrinsic": "^1.3.0" } }, "sha512-+ys997U96po4Kx/ABpBCqhA9EuxJaQWDQg7295H4hBphv3IZg0boBKuwYpt4YXp6MZ5AmZQnU/tyMTlRpaSejg=="],

    "chalk": ["chalk@4.1.2", "", { "dependencies": { "ansi-styles": "^4.1.0", "supports-color": "^7.1.0" } }, "sha512-oKnbhFyRIXpUuez8iBMmyEa4nbj4IOQyuhc/wy9kY7/WVPcwIO9VA668Pu8RkO7+0G76SLROeyw9CpQ061i4mA=="],

    "cluster-key-slot": ["cluster-key-slot@1.1.2", "", {}, "sha512-RMr0FhtfXemyinomL4hrWcYJxmX6deFdCxpJzhDttxgO1+bcCnkk+9drydLVDmAMG7NE6aN/fl4F7ucU/90gAA=="],

    "color-convert": ["color-convert@2.0.1", "", { "dependencies": { "color-name": "~1.1.4" } }, "sha512-RRECPsj7iu/xb5oKYcsFHSppFNnsj/52OVTRKb4zP5onXwVF3zVmmToNcOfGC+CRDpfK/U584fMg38ZHCaElKQ=="],

    "color-name": ["color-name@1.1.4", "", {}, "sha512-dOy+3AuW3a2wNbZHIuMZpTcgjGuLU/uBL/ubcZF9OXbDo8ff4O8yVp5Bf0efS8uEoYo5q4Fx7dY9OgQGXgAsQA=="],

    "concat-map": ["concat-map@0.0.1", "", {}, "sha512-/Srv4dswyQNBfohGpz9o6Yb3Gz3SrUDqBH5rTuhGR7ahtlbYKnVxw2bCFMRljaA7EXHaXZ8wsHdodFvbkhKmqg=="],

    "content-disposition": ["content-disposition@1.0.0", "", { "dependencies": { "safe-buffer": "5.2.1" } }, "sha512-Au9nRL8VNUut/XSzbQA38+M78dzP4D+eqg3gfJHMIHHYa3bg067xj1KxMUWj+VULbiZMowKngFFbKczUrNJ1mg=="],

    "content-type": ["content-type@1.0.5", "", {}, "sha512-nTjqfcBFEipKdXCv4YDQWCfmcLZKm81ldF0pAopTvyrFGVbcR6P/VAAd5G7N+0tTr8QqiU0tFadD6FK4NtJwOA=="],

    "cookie": ["cookie@0.7.2", "", {}, "sha512-yki5XnKuf750l50uGTllt6kKILY4nQ1eNIQatoXEByZ5dWgnKqbnqmTrBE5B4N7lrMJKQ2ytWMiTO2o0v6Ew/w=="],

    "cookie-signature": ["cookie-signature@1.2.2", "", {}, "sha512-D76uU73ulSXrD1UXF4KE2TMxVVwhsnCgfAyTg9k8P6KGZjlXKrOLe4dJQKI3Bxi5wjesZoFXJWElNWBjPZMbhg=="],

    "cron-parser": ["cron-parser@4.9.0", "", { "dependencies": { "luxon": "^3.2.1" } }, "sha512-p0SaNjrHOnQeR8/VnfGbmg9te2kfyYSQ7Sc/j/6DtPL3JQvKxmjO9TSjNFpujqV3vEYYBvNNvXSxzyksBWAx1Q=="],

    "crypto-js": ["crypto-js@4.2.0", "", {}, "sha512-KALDyEYgpY+Rlob/iriUtjV6d5Eq+Y191A5g4UqLAi8CyGP9N1+FdVbkc1SxKc2r4YAYqG8JzO2KGL+AizD70Q=="],

    "debug": ["debug@4.4.0", "", { "dependencies": { "ms": "^2.1.3" } }, "sha512-6WTZ/IxCY/T6BALoZHaE4ctp9xm+Z5kY/pzYaCHRFeyVhojxlrm+46y68HA6hr0TcwEssoxNiDEUJQjfPZ/RYA=="],

    "deepmerge": ["deepmerge@4.3.1", "", {}, "sha512-3sUqbMEc77XqpdNO7FRyRog+eW3ph+GYCbj+rK+uYyRMuwsVy0rMiVtPn+QJlKFvWP/1PYpapqYn0Me2knFn+A=="],

    "denque": ["denque@2.1.0", "", {}, "sha512-HVQE3AAb/pxF8fQAoiqpvg9i3evqug3hoiwakOyZAwJm+6vZehbkYXZ0l4JxS+I3QxM97v5aaRNhj8v5oBhekw=="],

    "depd": ["depd@2.0.0", "", {}, "sha512-g7nH6P6dyDioJogAAGprGpCtVImJhpPk/roCzdb3fIh61/s/nPsfR6onyMwkCAR/OlC3yBC0lESvUoQEAssIrw=="],

    "detect-libc": ["detect-libc@2.0.3", "", {}, "sha512-bwy0MGW55bG41VqxxypOsdSdGqLwXPI/focwgTYCFMbdUiBAxLg9CFzG08sz2aqzknwiX7Hkl0bQENjg8iLByw=="],

    "dom-serializer": ["dom-serializer@2.0.0", "", { "dependencies": { "domelementtype": "^2.3.0", "domhandler": "^5.0.2", "entities": "^4.2.0" } }, "sha512-wIkAryiqt/nV5EQKqQpo3SToSOV9J0DnbJqwK7Wv/Trc92zIAYZ4FlMu+JPFW1DfGFt81ZTCGgDEabffXeLyJg=="],

    "domelementtype": ["domelementtype@2.3.0", "", {}, "sha512-OLETBj6w0OsagBwdXnPdN0cnMfF9opN69co+7ZrbfPGrdpPVNBUj02spi6B1N7wChLQiPn4CSH/zJvXw56gmHw=="],

    "domhandler": ["domhandler@5.0.3", "", { "dependencies": { "domelementtype": "^2.3.0" } }, "sha512-cgwlv/1iFQiFnU96XXgROh8xTeetsnJiDsTc7TYCLFd9+/WNkIqPTxiM/8pSd8VIrhXGTf1Ny1q1hquVqDJB5w=="],

    "domutils": ["domutils@3.2.2", "", { "dependencies": { "dom-serializer": "^2.0.0", "domelementtype": "^2.3.0", "domhandler": "^5.0.3" } }, "sha512-6kZKyUajlDuqlHKVX1w7gyslj9MPIXzIFiz/rGu35uC1wMi+kMhQwGhl4lt9unC9Vb9INnY9Z3/ZA3+FhASLaw=="],

    "dunder-proto": ["dunder-proto@1.0.1", "", { "dependencies": { "call-bind-apply-helpers": "^1.0.1", "es-errors": "^1.3.0", "gopd": "^1.2.0" } }, "sha512-KIN/nDJBQRcXw0MLVhZE9iQHmG68qAVIBg9CqmUYjmQIhgij9U5MFvrqkUL5FbtyyzZuOeOt0zdeRe4UY7ct+A=="],

    "ee-first": ["ee-first@1.1.1", "", {}, "sha512-WMwm9LhRUo+WUaRN+vRuETqG89IgZphVSNkdFgeb6sS/E4OrDIN7t48CAewSHXc6C8lefD8KKfr5vY61brQlow=="],

    "ejs": ["ejs@3.1.10", "", { "dependencies": { "jake": "^10.8.5" }, "bin": { "ejs": "bin/cli.js" } }, "sha512-UeJmFfOrAQS8OJWPZ4qtgHyWExa088/MtK5UEyoJGFH67cDEXkZSviOiKRCZ4Xij0zxI3JECgYs3oKx+AizQBA=="],

    "encodeurl": ["encodeurl@2.0.0", "", {}, "sha512-Q0n9HRi4m6JuGIV1eFlmvJB7ZEVxu93IrMyiMsGC0lrMJMWzRgx6WGquyfQgZVb31vhGgXnfmPNNXmxnOkRBrg=="],

    "entities": ["entities@4.5.0", "", {}, "sha512-V0hjH4dGPh9Ao5p0MoRY6BVqtwCjhz6vI5LT8AJ55H+4g9/4vbHx1I54fS0XuclLhDHArPQCiMjDxjaL8fPxhw=="],

    "es-define-property": ["es-define-property@1.0.1", "", {}, "sha512-e3nRfgfUZ4rNGL232gUgX06QNyyez04KdjFrF+LTRoOXmrOgFKDg4BCdsjW8EnT69eqdYGmRpJwiPVYNrCaW3g=="],

    "es-errors": ["es-errors@1.3.0", "", {}, "sha512-Zf5H2Kxt2xjTvbJvP2ZWLEICxA6j+hAmMzIlypy4xcBg1vKVnx89Wy0GbS+kf5cwCVFFzdCFh2XSCFNULS6csw=="],

    "es-object-atoms": ["es-object-atoms@1.1.1", "", { "dependencies": { "es-errors": "^1.3.0" } }, "sha512-FGgH2h8zKNim9ljj7dankFPcICIK9Cp5bm+c2gQSYePhpaG5+esrLODihIorn+Pe6FGJzWhXQotPv73jTaldXA=="],

    "escape-html": ["escape-html@1.0.3", "", {}, "sha512-NiSupZ4OeuGwr68lGIeym/ksIZMJodUGOSCZ/FSnTxcrekbvqrgdUxlJOMpijaKZVjAJrWrGs/6Jy8OMuyj9ow=="],

    "etag": ["etag@1.8.1", "", {}, "sha512-aIL5Fx7mawVa300al2BnEE4iNvo1qETxLrPI/o05L7z6go7fCw1J6EQmbK4FmJ2AS7kgVF/KEZWufBfdClMcPg=="],

    "express": ["express@5.1.0", "", { "dependencies": { "accepts": "^2.0.0", "body-parser": "^2.2.0", "content-disposition": "^1.0.0", "content-type": "^1.0.5", "cookie": "^0.7.1", "cookie-signature": "^1.2.1", "debug": "^4.4.0", "encodeurl": "^2.0.0", "escape-html": "^1.0.3", "etag": "^1.8.1", "finalhandler": "^2.1.0", "fresh": "^2.0.0", "http-errors": "^2.0.0", "merge-descriptors": "^2.0.0", "mime-types": "^3.0.0", "on-finished": "^2.4.1", "once": "^1.4.0", "parseurl": "^1.3.3", "proxy-addr": "^2.0.7", "qs": "^6.14.0", "range-parser": "^1.2.1", "router": "^2.2.0", "send": "^1.1.0", "serve-static": "^2.2.0", "statuses": "^2.0.1", "type-is": "^2.0.1", "vary": "^1.1.2" } }, "sha512-DT9ck5YIRU+8GYzzU5kT3eHGA5iL+1Zd0EutOmTE9Dtk+Tvuzd23VBU+ec7HPNSTxXYO55gPV/hq4pSBJDjFpA=="],

    "fast-deep-equal": ["fast-deep-equal@2.0.1", "", {}, "sha512-bCK/2Z4zLidyB4ReuIsvALH6w31YfAQDmXMqMx6FyfHqvBxtjC0eRumeSu4Bs3XtXwpyIywtSTrVT99BxY1f9w=="],

    "filelist": ["filelist@1.0.4", "", { "dependencies": { "minimatch": "^5.0.1" } }, "sha512-w1cEuf3S+DrLCQL7ET6kz+gmlJdbq9J7yXCSjK/OZCPA+qEN1WyF4ZAf0YYJa4/shHJra2t/d/r8SV4Ji+x+8Q=="],

    "finalhandler": ["finalhandler@2.1.0", "", { "dependencies": { "debug": "^4.4.0", "encodeurl": "^2.0.0", "escape-html": "^1.0.3", "on-finished": "^2.4.1", "parseurl": "^1.3.3", "statuses": "^2.0.1" } }, "sha512-/t88Ty3d5JWQbWYgaOGCCYfXRwV1+be02WqYYlL6h0lEiUAMPM8o8qKGO01YIkOHzka2up08wvgYD0mDiI+q3Q=="],

    "forwarded": ["forwarded@0.2.0", "", {}, "sha512-buRG0fpBtRHSTCOASe6hD258tEubFoRLb4ZNA6NxMVHNw2gOcwHo9wyablzMzOA5z9xA9L1KNjk/Nt6MT9aYow=="],

    "fresh": ["fresh@2.0.0", "", {}, "sha512-Rx/WycZ60HOaqLKAi6cHRKKI7zxWbJ31MhntmtwMoaTeF7XFH9hhBp8vITaMidfljRQ6eYWCKkaTK+ykVJHP2A=="],

    "function-bind": ["function-bind@1.1.2", "", {}, "sha512-7XHNxH7qX9xG5mIwxkhumTox/MIRNcOgDrxWsMt2pAr23WHp6MrRlN7FBSFpCpr+oVO0F744iUgR82nJMfG2SA=="],

    "get-intrinsic": ["get-intrinsic@1.3.0", "", { "dependencies": { "call-bind-apply-helpers": "^1.0.2", "es-define-property": "^1.0.1", "es-errors": "^1.3.0", "es-object-atoms": "^1.1.1", "function-bind": "^1.1.2", "get-proto": "^1.0.1", "gopd": "^1.2.0", "has-symbols": "^1.1.0", "hasown": "^2.0.2", "math-intrinsics": "^1.1.0" } }, "sha512-9fSjSaos/fRIVIp+xSJlE6lfwhES7LNtKaCBIamHsjr2na1BiABJPo0mOjjz8GJDURarmCPGqaiVg5mfjb98CQ=="],

    "get-proto": ["get-proto@1.0.1", "", { "dependencies": { "dunder-proto": "^1.0.1", "es-object-atoms": "^1.0.0" } }, "sha512-sTSfBjoXBp89JvIKIefqw7U2CCebsc74kiY6awiGogKtoSGbgjYE/G/+l9sF3MWFPNc9IcoOC4ODfKHfxFmp0g=="],

    "gopd": ["gopd@1.2.0", "", {}, "sha512-ZUKRh6/kUFoAiTAtTYPZJ3hw9wNxx+BIBOijnlG9PnrJsCcSjs1wyyD6vJpaYtgnzDrKYRSqf3OO6Rfa93xsRg=="],

    "has-flag": ["has-flag@4.0.0", "", {}, "sha512-EykJT/Q1KjTWctppgIAgfSO0tKVuZUjhgMr17kqTumMl6Afv3EISleU7qZUzoXDFTAHTDC4NOoG/ZxU3EvlMPQ=="],

    "has-symbols": ["has-symbols@1.1.0", "", {}, "sha512-1cDNdwJ2Jaohmb3sg4OmKaMBwuC48sYni5HUw2DvsC8LjGTLK9h+eb1X6RyuOHe4hT0ULCW68iomhjUoKUqlPQ=="],

    "hasown": ["hasown@2.0.2", "", { "dependencies": { "function-bind": "^1.1.2" } }, "sha512-0hJU9SCPvmMzIBdZFqNPXWa6dqh7WdH0cII9y+CyS8rG3nL48Bclra9HmKhVVUHyPWNH5Y7xDwAB7bfgSjkUMQ=="],

    "html-to-text": ["html-to-text@9.0.5", "", { "dependencies": { "@selderee/plugin-htmlparser2": "^0.11.0", "deepmerge": "^4.3.1", "dom-serializer": "^2.0.0", "htmlparser2": "^8.0.2", "selderee": "^0.11.0" } }, "sha512-qY60FjREgVZL03vJU6IfMV4GDjGBIoOyvuFdpBDIX9yTlDw0TjxVBQp+P8NvpdIXNJvfWBTNul7fsAQJq2FNpg=="],

    "htmlparser2": ["htmlparser2@8.0.2", "", { "dependencies": { "domelementtype": "^2.3.0", "domhandler": "^5.0.3", "domutils": "^3.0.1", "entities": "^4.4.0" } }, "sha512-GYdjWKDkbRLkZ5geuHs5NY1puJ+PXwP7+fHPRz06Eirsb9ugf6d8kkXav6ADhcODhFFPMIXyxkxSuMf3D6NCFA=="],

    "http-errors": ["http-errors@2.0.0", "", { "dependencies": { "depd": "2.0.0", "inherits": "2.0.4", "setprototypeof": "1.2.0", "statuses": "2.0.1", "toidentifier": "1.0.1" } }, "sha512-FtwrG/euBzaEjYeRqOgly7G0qviiXoJWnvEH2Z1plBdXgbyjv34pHTSb9zoeHMyDy33+DWy5Wt9Wo+TURtOYSQ=="],

    "iconv-lite": ["iconv-lite@0.6.3", "", { "dependencies": { "safer-buffer": ">= 2.1.2 < 3.0.0" } }, "sha512-4fCk79wshMdzMp2rH06qWrJE4iolqLhCUH+OiuIgU++RB0+94NlDL81atO7GX55uUKueo0txHNtvEyI6D7WdMw=="],

    "inherits": ["inherits@2.0.4", "", {}, "sha512-k/vGaX4/Yla3WzyMCvTQOXYeIHvqOKtnqBduzTHpzpQZzAskKMhZ2K+EnBiSM9zGSoIFeMpXKxa4dYeZIQqewQ=="],

    "ioredis": ["ioredis@5.6.1", "", { "dependencies": { "@ioredis/commands": "^1.1.1", "cluster-key-slot": "^1.1.0", "debug": "^4.3.4", "denque": "^2.1.0", "lodash.defaults": "^4.2.0", "lodash.isarguments": "^3.1.0", "redis-errors": "^1.2.0", "redis-parser": "^3.0.0", "standard-as-callback": "^2.1.0" } }, "sha512-UxC0Yv1Y4WRJiGQxQkP0hfdL0/5/6YvdfOOClRgJ0qppSarkhneSa6UvkMkms0AkdGimSH3Ikqm+6mkMmX7vGA=="],

    "ipaddr.js": ["ipaddr.js@1.9.1", "", {}, "sha512-0KI/607xoxSToH7GjN1FfSbLoU0+btTicjsQSWQlh/hZykN8KpmMf7uYwPW3R+akZ6R/w18ZlXSHBYXiYUPO3g=="],

    "is-promise": ["is-promise@4.0.0", "", {}, "sha512-hvpoI6korhJMnej285dSg6nu1+e6uxs7zG3BYAm5byqDsgJNWwxzM6z6iZiAgQR4TJ30JmBTOwqZUw3WlyH3AQ=="],

    "jake": ["jake@10.9.2", "", { "dependencies": { "async": "^3.2.3", "chalk": "^4.0.2", "filelist": "^1.0.4", "minimatch": "^3.1.2" }, "bin": { "jake": "bin/cli.js" } }, "sha512-2P4SQ0HrLQ+fw6llpLnOaGAvN2Zu6778SJMrCUwns4fOoG9ayrTiZk3VV8sCPkVZF8ab0zksVpS8FDY5pRCNBA=="],

    "leac": ["leac@0.6.0", "", {}, "sha512-y+SqErxb8h7nE/fiEX07jsbuhrpO9lL8eca7/Y1nuWV2moNlXhyd59iDGcRf6moVyDMbmTNzL40SUyrFU/yDpg=="],

    "lodash.defaults": ["lodash.defaults@4.2.0", "", {}, "sha512-qjxPLHd3r5DnsdGacqOMU6pb/avJzdh9tFX2ymgoZE27BmjXrNy/y4LoaiTeAb+O3gL8AfpJGtqfX/ae2leYYQ=="],

    "lodash.isarguments": ["lodash.isarguments@3.1.0", "", {}, "sha512-chi4NHZlZqZD18a0imDHnZPrDeBbTtVN7GXMwuGdRH9qotxAjYs3aVLKc7zNOG9eddR5Ksd8rvFEBc9SsggPpg=="],

    "luxon": ["luxon@3.6.1", "", {}, "sha512-tJLxrKJhO2ukZ5z0gyjY1zPh3Rh88Ej9P7jNrZiHMUXHae1yvI2imgOZtL1TO8TW6biMMKfTtAOoEJANgtWBMQ=="],

    "math-intrinsics": ["math-intrinsics@1.1.0", "", {}, "sha512-/IXtbwEk5HTPyEwyKX6hGkYXxM9nbj64B+ilVJnC/R6B0pH5G4V3b0pVbL7DBj4tkhBAppbQUlf6F6Xl9LHu1g=="],

    "media-typer": ["media-typer@1.1.0", "", {}, "sha512-aisnrDP4GNe06UcKFnV5bfMNPBUw4jsLGaWwWfnH3v02GnBuXX2MCVn5RbrWo0j3pczUilYblq7fQ7Nw2t5XKw=="],

    "merge-descriptors": ["merge-descriptors@2.0.0", "", {}, "sha512-Snk314V5ayFLhp3fkUREub6WtjBfPdCPY1Ln8/8munuLuiYhsABgBVWsozAG+MWMbVEvcdcpbi9R7ww22l9Q3g=="],

    "mime-db": ["mime-db@1.54.0", "", {}, "sha512-aU5EJuIN2WDemCcAp2vFBfp/m4EAhWJnUNSSw0ixs7/kXbd6Pg64EmwJkNdFhB8aWt1sH2CTXrLxo/iAGV3oPQ=="],

    "mime-types": ["mime-types@3.0.1", "", { "dependencies": { "mime-db": "^1.54.0" } }, "sha512-xRc4oEhT6eaBpU1XF7AjpOFD+xQmXNB5OVKwp4tqCuBpHLS/ZbBDrc07mYTDqVMg6PfxUjjNp85O6Cd2Z/5HWA=="],

    "minimatch": ["minimatch@3.1.2", "", { "dependencies": { "brace-expansion": "^1.1.7" } }, "sha512-J7p63hRiAjw1NDEww1W7i37+ByIrOWO5XQQAzZ3VOcL0PNybwpfmV/N05zFAzwQ9USyEcX6t3UO+K5aqBQOIHw=="],

    "ms": ["ms@2.1.3", "", {}, "sha512-6FlzubTLZG3J2a/NVCAleEhjzq5oxgHyaCU9yYXvcLsvoVaHJq/s5xXI6/XXP6tz7R9xAOtHnSO/tXtF3WRTlA=="],

    "msgpackr": ["msgpackr@1.11.2", "", { "optionalDependencies": { "msgpackr-extract": "^3.0.2" } }, "sha512-F9UngXRlPyWCDEASDpTf6c9uNhGPTqnTeLVt7bN+bU1eajoR/8V9ys2BRaV5C/e5ihE6sJ9uPIKaYt6bFuO32g=="],

    "msgpackr-extract": ["msgpackr-extract@3.0.3", "", { "dependencies": { "node-gyp-build-optional-packages": "5.2.2" }, "optionalDependencies": { "@msgpackr-extract/msgpackr-extract-darwin-arm64": "3.0.3", "@msgpackr-extract/msgpackr-extract-darwin-x64": "3.0.3", "@msgpackr-extract/msgpackr-extract-linux-arm": "3.0.3", "@msgpackr-extract/msgpackr-extract-linux-arm64": "3.0.3", "@msgpackr-extract/msgpackr-extract-linux-x64": "3.0.3", "@msgpackr-extract/msgpackr-extract-win32-x64": "3.0.3" }, "bin": { "download-msgpackr-prebuilds": "bin/download-prebuilds.js" } }, "sha512-P0efT1C9jIdVRefqjzOQ9Xml57zpOXnIuS+csaB4MdZbTdmGDLo8XhzBG1N7aO11gKDDkJvBLULeFTo46wwreA=="],

    "negotiator": ["negotiator@1.0.0", "", {}, "sha512-8Ofs/AUQh8MaEcrlq5xOX0CQ9ypTF5dl78mjlMNfOK08fzpgTHQRQPBxcPlEtIw0yRpws+Zo/3r+5WRby7u3Gg=="],

    "node-abort-controller": ["node-abort-controller@3.1.1", "", {}, "sha512-AGK2yQKIjRuqnc6VkX2Xj5d+QW8xZ87pa1UK6yA6ouUyuxfHuMP6umE5QK7UmTeOAymo+Zx1Fxiuw9rVx8taHQ=="],

    "node-gyp-build-optional-packages": ["node-gyp-build-optional-packages@5.2.2", "", { "dependencies": { "detect-libc": "^2.0.1" }, "bin": { "node-gyp-build-optional-packages": "bin.js", "node-gyp-build-optional-packages-optional": "optional.js", "node-gyp-build-optional-packages-test": "build-test.js" } }, "sha512-s+w+rBWnpTMwSFbaE0UXsRlg7hU4FjekKU4eyAih5T8nJuNZT1nNsskXpxmeqSK9UzkBl6UgRlnKc8hz8IEqOw=="],

    "object-inspect": ["object-inspect@1.13.4", "", {}, "sha512-W67iLl4J2EXEGTbfeHCffrjDfitvLANg0UlX3wFUUSTx92KXRFegMHUVgSqE+wvhAbi4WqjGg9czysTV2Epbew=="],

    "on-finished": ["on-finished@2.4.1", "", { "dependencies": { "ee-first": "1.1.1" } }, "sha512-oVlzkg3ENAhCk2zdv7IJwd/QUD4z2RxRwpkcGY8psCVcCYZNq4wYnVWALHM+brtuJjePWiYF/ClmuDr8Ch5+kg=="],

    "once": ["once@1.4.0", "", { "dependencies": { "wrappy": "1" } }, "sha512-lNaJgI+2Q5URQBkccEKHTQOPaXdUxnZZElQTZY0MFUAuaEqe1E+Nyvgdz/aIyNi6Z9MzO5dv1H8n58/GELp3+w=="],

    "parseley": ["parseley@0.12.1", "", { "dependencies": { "leac": "^0.6.0", "peberminta": "^0.9.0" } }, "sha512-e6qHKe3a9HWr0oMRVDTRhKce+bRO8VGQR3NyVwcjwrbhMmFCX9KszEV35+rn4AdilFAq9VPxP/Fe1wC9Qjd2lw=="],

    "parseurl": ["parseurl@1.3.3", "", {}, "sha512-CiyeOxFT/JZyN5m0z9PfXw4SCBJ6Sygz1Dpl0wqjlhDEGGBP1GnsUVEL0p63hoG1fcj3fHynXi9NYO4nWOL+qQ=="],

    "path-to-regexp": ["path-to-regexp@8.2.0", "", {}, "sha512-TdrF7fW9Rphjq4RjrW0Kp2AW0Ahwu9sRGTkS6bvDi0SCwZlEZYmcfDbEsTz8RVk0EHIS/Vd1bv3JhG+1xZuAyQ=="],

    "peberminta": ["peberminta@0.9.0", "", {}, "sha512-XIxfHpEuSJbITd1H3EeQwpcZbTLHc+VVr8ANI9t5sit565tsI4/xK3KWTUFE2e6QiangUkh3B0jihzmGnNrRsQ=="],

    "prettier": ["prettier@3.5.3", "", { "bin": { "prettier": "bin/prettier.cjs" } }, "sha512-QQtaxnoDJeAkDvDKWCLiwIXkTgRhwYDEQCghU9Z6q03iyek/rxRh/2lC3HB7P8sWT2xC/y5JDctPLBIGzHKbhw=="],

    "proxy-addr": ["proxy-addr@2.0.7", "", { "dependencies": { "forwarded": "0.2.0", "ipaddr.js": "1.9.1" } }, "sha512-llQsMLSUDUPT44jdrU/O37qlnifitDP+ZwrmmZcoSKyLKvtZxpyV0n2/bD/N4tBAAZ/gJEdZU7KMraoK1+XYAg=="],

    "qs": ["qs@6.14.0", "", { "dependencies": { "side-channel": "^1.1.0" } }, "sha512-YWWTjgABSKcvs/nWBi9PycY/JiPJqOD4JA6o9Sej2AtvSGarXxKC3OQSk4pAarbdQlKAh5D4FCQkJNkW+GAn3w=="],

    "range-parser": ["range-parser@1.2.1", "", {}, "sha512-Hrgsx+orqoygnmhFbKaHE6c296J+HTAQXoxEF6gNupROmmGJRoyzfG3ccAveqCBrwr/2yxQ5BVd/GTl5agOwSg=="],

    "raw-body": ["raw-body@3.0.0", "", { "dependencies": { "bytes": "3.1.2", "http-errors": "2.0.0", "iconv-lite": "0.6.3", "unpipe": "1.0.0" } }, "sha512-RmkhL8CAyCRPXCE28MMH0z2PNWQBNk2Q09ZdxM9IOOXwxwZbN+qbWaatPkdkWIKL2ZVDImrN/pK5HTRz2PcS4g=="],

    "react": ["react@19.1.0", "", {}, "sha512-FS+XFBNvn3GTAWq26joslQgWNoFu08F4kl0J4CgdNKADkdSGXQyTCnKteIAJy96Br6YbpEU1LSzV5dYtjMkMDg=="],

    "react-dom": ["react-dom@19.1.0", "", { "dependencies": { "scheduler": "^0.26.0" }, "peerDependencies": { "react": "^19.1.0" } }, "sha512-Xs1hdnE+DyKgeHJeJznQmYMIBG3TKIHJJT95Q58nHLSrElKlGQqDTR2HQ9fx5CN/Gk6Vh/kupBTDLU11/nDk/g=="],

    "react-promise-suspense": ["react-promise-suspense@0.3.4", "", { "dependencies": { "fast-deep-equal": "^2.0.1" } }, "sha512-I42jl7L3Ze6kZaq+7zXWSunBa3b1on5yfvUW6Eo/3fFOj6dZ5Bqmcd264nJbTK/gn1HjjILAjSwnZbV4RpSaNQ=="],

    "redis-errors": ["redis-errors@1.2.0", "", {}, "sha512-1qny3OExCf0UvUV/5wpYKf2YwPcOqXzkwKKSmKHiE6ZMQs5heeE/c8eXK+PNllPvmjgAbfnsbpkGZWy8cBpn9w=="],

    "redis-parser": ["redis-parser@3.0.0", "", { "dependencies": { "redis-errors": "^1.0.0" } }, "sha512-DJnGAeenTdpMEH6uAJRK/uiyEIH9WVsUmoLwzudwGJUwZPp80PDBWPHXSAGNPwNvIXAbe7MSUB1zQFugFml66A=="],

    "resend": ["resend@4.3.0", "", { "dependencies": { "@react-email/render": "1.0.6" } }, "sha512-4OBHeusMVSl0vcba2J3AaGzdZ1SXAAhX/Wkcwobe16AHmlW9h3li8wG62Fhvlsc61e+wlQoxcwJZP6WrBTbghQ=="],

    "router": ["router@2.2.0", "", { "dependencies": { "debug": "^4.4.0", "depd": "^2.0.0", "is-promise": "^4.0.0", "parseurl": "^1.3.3", "path-to-regexp": "^8.0.0" } }, "sha512-nLTrUKm2UyiL7rlhapu/Zl45FwNgkZGaCpZbIHajDYgwlJCOzLSk+cIPAnsEqV955GjILJnKbdQC1nVPz+gAYQ=="],

    "safe-buffer": ["safe-buffer@5.2.1", "", {}, "sha512-rp3So07KcdmmKbGvgaNxQSJr7bGVSVk5S9Eq1F+ppbRo70+YeaDxkw5Dd8NPN+GD6bjnYm2VuPuCXmpuYvmCXQ=="],

    "safer-buffer": ["safer-buffer@2.1.2", "", {}, "sha512-YZo3K82SD7Riyi0E1EQPojLz7kpepnSQI9IyPbHHg1XXXevb5dJI7tpyN2ADxGcQbHG7vcyRHk0cbwqcQriUtg=="],

    "scheduler": ["scheduler@0.26.0", "", {}, "sha512-NlHwttCI/l5gCPR3D1nNXtWABUmBwvZpEQiD4IXSbIDq8BzLIK/7Ir5gTFSGZDUu37K5cMNp0hFtzO38sC7gWA=="],

    "selderee": ["selderee@0.11.0", "", { "dependencies": { "parseley": "^0.12.0" } }, "sha512-5TF+l7p4+OsnP8BCCvSyZiSPc4x4//p5uPwK8TCnVPJYRmU2aYKMpOXvw8zM5a5JvuuCGN1jmsMwuU2W02ukfA=="],

    "semver": ["semver@7.7.1", "", { "bin": { "semver": "bin/semver.js" } }, "sha512-hlq8tAfn0m/61p4BVRcPzIGr6LKiMwo4VM6dGi6pt4qcRkmNzTcWq6eCEjEh+qXjkMDvPlOFFSGwQjoEa6gyMA=="],

    "send": ["send@1.2.0", "", { "dependencies": { "debug": "^4.3.5", "encodeurl": "^2.0.0", "escape-html": "^1.0.3", "etag": "^1.8.1", "fresh": "^2.0.0", "http-errors": "^2.0.0", "mime-types": "^3.0.1", "ms": "^2.1.3", "on-finished": "^2.4.1", "range-parser": "^1.2.1", "statuses": "^2.0.1" } }, "sha512-uaW0WwXKpL9blXE2o0bRhoL2EGXIrZxQ2ZQ4mgcfoBxdFmQold+qWsD2jLrfZ0trjKL6vOw0j//eAwcALFjKSw=="],

    "serve-static": ["serve-static@2.2.0", "", { "dependencies": { "encodeurl": "^2.0.0", "escape-html": "^1.0.3", "parseurl": "^1.3.3", "send": "^1.2.0" } }, "sha512-61g9pCh0Vnh7IutZjtLGGpTA355+OPn2TyDv/6ivP2h/AdAVX9azsoxmg2/M6nZeQZNYBEwIcsne1mJd9oQItQ=="],

    "setprototypeof": ["setprototypeof@1.2.0", "", {}, "sha512-E5LDX7Wrp85Kil5bhZv46j8jOeboKq5JMmYM3gVGdGH8xFpPWXUMsNrlODCrkoxMEeNi/XZIwuRvY4XNwYMJpw=="],

    "side-channel": ["side-channel@1.1.0", "", { "dependencies": { "es-errors": "^1.3.0", "object-inspect": "^1.13.3", "side-channel-list": "^1.0.0", "side-channel-map": "^1.0.1", "side-channel-weakmap": "^1.0.2" } }, "sha512-ZX99e6tRweoUXqR+VBrslhda51Nh5MTQwou5tnUDgbtyM0dBgmhEDtWGP/xbKn6hqfPRHujUNwz5fy/wbbhnpw=="],

    "side-channel-list": ["side-channel-list@1.0.0", "", { "dependencies": { "es-errors": "^1.3.0", "object-inspect": "^1.13.3" } }, "sha512-FCLHtRD/gnpCiCHEiJLOwdmFP+wzCmDEkc9y7NsYxeF4u7Btsn1ZuwgwJGxImImHicJArLP4R0yX4c2KCrMrTA=="],

    "side-channel-map": ["side-channel-map@1.0.1", "", { "dependencies": { "call-bound": "^1.0.2", "es-errors": "^1.3.0", "get-intrinsic": "^1.2.5", "object-inspect": "^1.13.3" } }, "sha512-VCjCNfgMsby3tTdo02nbjtM/ewra6jPHmpThenkTYh8pG9ucZ/1P8So4u4FGBek/BjpOVsDCMoLA/iuBKIFXRA=="],

    "side-channel-weakmap": ["side-channel-weakmap@1.0.2", "", { "dependencies": { "call-bound": "^1.0.2", "es-errors": "^1.3.0", "get-intrinsic": "^1.2.5", "object-inspect": "^1.13.3", "side-channel-map": "^1.0.1" } }, "sha512-WPS/HvHQTYnHisLo9McqBHOJk2FkHO/tlpvldyrnem4aeQp4hai3gythswg6p01oSoTl58rcpiFAjF2br2Ak2A=="],

    "standard-as-callback": ["standard-as-callback@2.1.0", "", {}, "sha512-qoRRSyROncaz1z0mvYqIE4lCd9p2R90i6GxW3uZv5ucSu8tU7B5HXUP1gG8pVZsYNVaXjk8ClXHPttLyxAL48A=="],

    "statuses": ["statuses@2.0.1", "", {}, "sha512-RwNA9Z/7PrK06rYLIzFMlaF+l73iwpzsqRIFgbMLbTcLD6cOao82TaWefPXQvB2fOC4AjuYSEndS7N/mTCbkdQ=="],

    "supports-color": ["supports-color@7.2.0", "", { "dependencies": { "has-flag": "^4.0.0" } }, "sha512-qpCAvRl9stuOHveKsn7HncJRvv501qIacKzQlO/+Lwxc9+0q2wLyv4Dfvt80/DPn2pqOBsJdDiogXGR9+OvwRw=="],

    "toidentifier": ["toidentifier@1.0.1", "", {}, "sha512-o5sSPKEkg/DIQNmH43V0/uerLrpzVedkUh8tGNvaeXpfpuwjKenlSox/2O/BTlZUtEe+JG7s5YhEz608PlAHRA=="],

    "tslib": ["tslib@2.8.1", "", {}, "sha512-oJFu94HQb+KVduSUQL7wnpmqnfmLsOA/nAh6b6EH0wCEoK0/mPeXU6c3wKDV83MkOuHPRHtSXKKU99IBazS/2w=="],

    "type-is": ["type-is@2.0.1", "", { "dependencies": { "content-type": "^1.0.5", "media-typer": "^1.1.0", "mime-types": "^3.0.0" } }, "sha512-OZs6gsjF4vMp32qrCbiVSkrFmXtG/AZhY3t0iAMrMBiAZyV9oALtXO8hsrHbMXF9x6L3grlFuwW2oAz7cav+Gw=="],

    "typescript": ["typescript@5.8.3", "", { "bin": { "tsc": "bin/tsc", "tsserver": "bin/tsserver" } }, "sha512-p1diW6TqL9L07nNxvRMM7hMMw4c5XOo/1ibL4aAIGmSAt9slTE1Xgw5KWuof2uTOvCg9BY7ZRi+GaF+7sfgPeQ=="],

    "undici-types": ["undici-types@6.21.0", "", {}, "sha512-iwDZqg0QAGrg9Rav5H4n0M64c3mkR59cJ6wQp+7C4nI0gsmExaedaYLNO44eT4AtBBwjbTiGPMlt2Md0T9H9JQ=="],

    "unpipe": ["unpipe@1.0.0", "", {}, "sha512-pjy2bYhSsufwWlKwPc+l3cN7+wuJlK6uz0YdJEOlQDbl6jo/YlPi4mb8agUkVC8BF7V8NuzeyPNqRksA3hztKQ=="],

    "uuid": ["uuid@9.0.1", "", { "bin": { "uuid": "dist/bin/uuid" } }, "sha512-b+1eJOlsR9K8HJpow9Ok3fiWOWSIcIzXodvv0rQjVoOVNpWMpxf1wZNpt4y9h10odCNrqnYp1OBzRktckBe3sA=="],

    "vary": ["vary@1.1.2", "", {}, "sha512-BNGbWLfd0eUPabhkXUVm0j8uuvREyTh5ovRa/dyow/BqAbZJyC+5fU+IzQOzmAKzYqYRAISoRhdQr3eIZ/PXqg=="],

    "wrappy": ["wrappy@1.0.2", "", {}, "sha512-l4Sp/DRseor9wL6EvV2+TuQn63dMkPjZ/sp9XkghTEbV9KlPS1xUsZ3u7/IQO4wxtcFB4bgpQPRcR3QCvezPcQ=="],

    "filelist/minimatch": ["minimatch@5.1.6", "", { "dependencies": { "brace-expansion": "^2.0.1" } }, "sha512-lKwV/1brpG6mBUFHtb7NUmtABCb2WZZmm2wNiOA5hAb8VdCS4B3dtMWyvcoViccwAW/COERjXLt0zP1zXUN26g=="],

    "filelist/minimatch/brace-expansion": ["brace-expansion@2.0.1", "", { "dependencies": { "balanced-match": "^1.0.0" } }, "sha512-XnAIvQ8eM+kC6aULx6wuQiwVsnzsi9d3WxzV3FpWTGA19F621kwdbsAcFKXgKUHZWsy+mY6iL1sHTxWEFCytDA=="],
  }
}
